{
  "name": "ts2lang",
  "version": "1.0.5-1",
  "lockfileVersion": 1,
  "requires": true,
  "dependencies": {
    "@types/commander": {
      "version": "2.12.2",
      "resolved": "https://registry.npmjs.org/@types/commander/-/commander-2.12.2.tgz",
      "integrity": "sha512-0QEFiR8ljcHp9bAbWxecjVRuAMr16ivPiGOw6KFQBVrVd0RQIcM3xKdRisH2EDWgVWujiYtHwhSkSUoAAGzH7Q==",
      "dev": true,
      "requires": {
        "commander": "http://srvnpmjs:8080/commander/-/commander-2.9.0.tgz"
      }
    },
    "@types/node": {
      "version": "6.0.95",
      "resolved": "https://registry.npmjs.org/@types/node/-/node-6.0.95.tgz",
      "integrity": "sha512-d1Twx1NM49dQ7jbNZfaHTQWuYL9cFVrGxYpbc3BvMf4626lOJOZnp2aJQNB9vP/WX3UOe1TrTUMABrGRu6FZhg==",
      "dev": true
    },
    "commander": {
      "version": "http://srvnpmjs:8080/commander/-/commander-2.9.0.tgz",
      "integrity": "sha1-nJkJQXbhIkDLItbFFGCYQA/g99Q=",
      "requires": {
        "graceful-readlink": "http://srvnpmjs:8080/graceful-readlink/-/graceful-readlink-1.0.1.tgz"
      }
    },
    "graceful-readlink": {
      "version": "http://srvnpmjs:8080/graceful-readlink/-/graceful-readlink-1.0.1.tgz",
      "integrity": "sha1-TK+tdrxi8C+gObL5Tpo906ORpyU="
    },
    "is-directory": {
      "version": "https://registry.npmjs.org/is-directory/-/is-directory-0.3.1.tgz",
      "integrity": "sha1-YTObbyR1/Hcv2cnYP1yFddwVSuE="
    },
    "merge": {
      "version": "http://srvnpmjs:8080/merge/-/merge-1.2.0.tgz",
      "integrity": "sha1-dTHjnUlJwoGma4xabgJl6LBYlNo="
    },
    "typescript": {
      "version": "2.6.2",
      "resolved": "https://registry.npmjs.org/typescript/-/typescript-2.6.2.tgz",
      "integrity": "sha1-PFtv1/beCRQmkCfwPAlGdY92c6Q="
    }
  }
}
